
Microsoft Visual Studio Solution File, Format Version 12.00
# Visual Studio 15
VisualStudioVersion = 15.0.27130.2010
MinimumVisualStudioVersion = 10.0.40219.1
Project("{FAE04EC0-301F-11D3-BF4B-00C04F79EFBC}") = "SimpleJsonDataSource", "SimpleJsonDataSource\SimpleJsonDataSource.csproj", "{61E67F12-63C6-470B-AEE6-ECFDCD699CB6}"
EndProject
Project("{2150E333-8FDC-42A3-9474-1A3956D46DE8}") = "Solution Items", "Solution Items", "{8914DD07-9828-41A5-A36E-7529509DEC56}"
	ProjectSection(SolutionItems) = preProject
		ReadMe.md = ReadMe.md
	EndProjectSection
EndProject
Global
	GlobalSection(SolutionConfigurationPlatforms) = preSolution
		Debug|Any CPU = Debug|Any CPU
		Release|Any CPU = Release|Any CPU
	EndGlobalSection
	GlobalSection(ProjectConfigurationPlatforms) = postSolution
		{61E67F12-63C6-470B-AEE6-ECFDCD699CB6}.Debug|Any CPU.ActiveCfg = Debug|Any CPU
		{61E67F12-63C6-470B-AEE6-ECFDCD699CB6}.Debug|Any CPU.Build.0 = Debug|Any CPU
		{61E67F12-63C6-470B-AEE6-ECFDCD699CB6}.Release|Any CPU.ActiveCfg = Release|Any CPU
		{61E67F12-63C6-470B-AEE6-ECFDCD699CB6}.Release|Any CPU.Build.0 = Release|Any CPU
	EndGlobalSection
	GlobalSection(SolutionProperties) = preSolution
		HideSolutionNode = FALSE
	EndGlobalSection
	GlobalSection(ExtensibilityGlobals) = postSolution
		SolutionGuid = {9D0B974B-048A-40CB-91F6-AAC63ADD36C9}
	EndGlobalSection
EndGlobal
